{
  "name": "package-playground-examples",
  "version": "1.0.0",
  "lockfileVersion": 3,
  "requires": true,
  "packages": {
    "": {
      "name": "package-playground-examples",
      "version": "1.0.0",
      "license": "ISC",
      "dependencies": {
        "package-playground": "^1.1.1"
      }
    },
    "node_modules/dayjs": {
      "version": "1.11.11",
      "resolved": "https://registry.npmjs.org/dayjs/-/dayjs-1.11.11.tgz",
      "integrity": "sha512-okzr3f11N6WuqYtZSvm+F776mB41wRZMhKP+hc34YdW+KmtYYK9iqvHSwo2k9FEH3fhGXvOPV6yz2IcSrfRUDg=="
    },
    "node_modules/package-playground": {
      "version": "1.1.1",
      "resolved": "https://registry.npmjs.org/package-playground/-/package-playground-1.1.1.tgz",
      "integrity": "sha512-0Fe254YvjLFurfIfWPnQ1vkmKOOjaAi+cuYX3mOOmbUykjF9nAslkokx0o7Pg2dMV8Pa6lM+stzytHzPuEByuA==",
      "dependencies": {
        "dayjs": "^1.11.11"
      }
    }
  }
}
