{
  "name": "package-playground-examples",
  "version": "1.0.0",
  "lockfileVersion": 3,
  "requires": true,
  "packages": {
    "": {
      "name": "package-playground-examples",
      "version": "1.0.0",
      "license": "ISC",
      "dependencies": {
        "package-playground": "^1.0.0"
      }
    },
    "node_modules/package-playground": {
      "version": "1.0.0",
      "resolved": "https://registry.npmjs.org/package-playground/-/package-playground-1.0.0.tgz",
      "integrity": "sha512-hUdnlP/xKDOw/fJGBLQtRP1UtbiKyBIyAJhd6mPmp0YmRGpgx8ZL5/J8kxEYBZDrtzAxM4xLe6KvMNGzCgAUTA=="
    }
  }
}
